
Microsoft Visual Studio Solution File, Format Version 12.00
# Visual Studio Version 16
VisualStudioVersion = 16.0.29215.179
MinimumVisualStudioVersion = 10.0.40219.1
Project("{FAE04EC0-301F-11D3-BF4B-00C04F79EFBC}") = "WindowsFormsApp1", "WindowsFormsApp1\WindowsFormsApp1.csproj", "{D75F5C33-028D-4F11-9BE3-0E0450598D52}"
EndProject
Global
	GlobalSection(SolutionConfigurationPlatforms) = preSolution
		Debug|Any CPU = Debug|Any CPU
		Release|Any CPU = Release|Any CPU
	EndGlobalSection
	GlobalSection(ProjectConfigurationPlatforms) = postSolution
		{D75F5C33-028D-4F11-9BE3-0E0450598D52}.Debug|Any CPU.ActiveCfg = Debug|Any CPU
		{D75F5C33-028D-4F11-9BE3-0E0450598D52}.Debug|Any CPU.Build.0 = Debug|Any CPU
		{D75F5C33-028D-4F11-9BE3-0E0450598D52}.Release|Any CPU.ActiveCfg = Release|Any CPU
		{D75F5C33-028D-4F11-9BE3-0E0450598D52}.Release|Any CPU.Build.0 = Release|Any CPU
	EndGlobalSection
	GlobalSection(SolutionProperties) = preSolution
		HideSolutionNode = FALSE
	EndGlobalSection
	GlobalSection(ExtensibilityGlobals) = postSolution
		SolutionGuid = {BD6957F7-BDC7-4C7D-950D-F4C1B2BA158A}
	EndGlobalSection
EndGlobal
